
Microsoft Visual Studio Solution File, Format Version 12.00
# Visual Studio Version 17
VisualStudioVersion = 17.9.34728.123
MinimumVisualStudioVersion = 10.0.40219.1
Project("{9A19103F-16F7-4668-BE54-9A1E7A4F7556}") = "App", "App\App.csproj", "{0953684C-365A-47F5-BFE7-9A9A99866D9C}"
EndProject
Project("{9A19103F-16F7-4668-BE54-9A1E7A4F7556}") = "HttpClientClass", "HttpClient\HttpClientClass.csproj", "{9762FEC9-4C31-49FB-97CE-5C0B68BF9CB9}"
EndProject
Project("{9A19103F-16F7-4668-BE54-9A1E7A4F7556}") = "HttpClientClassDemo", "HttpClientClassDemo\HttpClientClassDemo.csproj", "{89FA1FAE-85C6-4909-8A34-1FEABAD1B411}"
EndProject
Project("{9A19103F-16F7-4668-BE54-9A1E7A4F7556}") = "ServerApp", "ServerApp\ServerApp.csproj", "{DBFBD002-D283-47E5-A0E0-B6C7CE13DCF9}"
EndProject
Project("{9A19103F-16F7-4668-BE54-9A1E7A4F7556}") = "ClientApp", "ClientApp\ClientApp.csproj", "{BE8D3389-9AFB-4997-8DCE-E138641660E3}"
EndProject
Project("{2150E333-8FDC-42A3-9474-1A3956D46DE8}") = "Lab1", "Lab1", "{3A771601-F121-4B72-BDB0-F3F5CB906C2E}"
EndProject
Project("{2150E333-8FDC-42A3-9474-1A3956D46DE8}") = "Lab2", "Lab2", "{52E6446D-C0C7-4A67-B37A-39A77B912153}"
EndProject
Project("{2150E333-8FDC-42A3-9474-1A3956D46DE8}") = "Chapter 1", "Chapter 1", "{18FE1536-6FCD-469D-B6A6-3547CB701286}"
EndProject
Project("{2150E333-8FDC-42A3-9474-1A3956D46DE8}") = "Chapter 2", "Chapter 2", "{1B243115-090D-4086-AD32-FAC1E5508C73}"
EndProject
Project("{9A19103F-16F7-4668-BE54-9A1E7A4F7556}") = "TaskDemonstration01", "TaskDemonstration01\TaskDemonstration01.csproj", "{4434B7F0-4094-447C-83A0-DE28DD78B950}"
EndProject
Project("{2150E333-8FDC-42A3-9474-1A3956D46DE8}") = "UDP", "UDP", "{4F52F3FF-F7EC-4B65-9D0C-10BFE35BECC8}"
EndProject
Project("{FAE04EC0-301F-11D3-BF4B-00C04F79EFBC}") = "UDPServerApp", "UDPServerApp\UDPServerApp.csproj", "{6456AEE7-D630-4C65-A5F2-C5326D25C4CA}"
EndProject
Project("{FAE04EC0-301F-11D3-BF4B-00C04F79EFBC}") = "UDPClientApp", "UDPClientApp\UDPClientApp.csproj", "{2C2AD491-AD9D-482E-9E2F-BDC8B2F53425}"
EndProject
Global
	GlobalSection(SolutionConfigurationPlatforms) = preSolution
		Debug|Any CPU = Debug|Any CPU
		Release|Any CPU = Release|Any CPU
	EndGlobalSection
	GlobalSection(ProjectConfigurationPlatforms) = postSolution
		{0953684C-365A-47F5-BFE7-9A9A99866D9C}.Debug|Any CPU.ActiveCfg = Debug|Any CPU
		{0953684C-365A-47F5-BFE7-9A9A99866D9C}.Debug|Any CPU.Build.0 = Debug|Any CPU
		{0953684C-365A-47F5-BFE7-9A9A99866D9C}.Release|Any CPU.ActiveCfg = Release|Any CPU
		{0953684C-365A-47F5-BFE7-9A9A99866D9C}.Release|Any CPU.Build.0 = Release|Any CPU
		{9762FEC9-4C31-49FB-97CE-5C0B68BF9CB9}.Debug|Any CPU.ActiveCfg = Debug|Any CPU
		{9762FEC9-4C31-49FB-97CE-5C0B68BF9CB9}.Debug|Any CPU.Build.0 = Debug|Any CPU
		{9762FEC9-4C31-49FB-97CE-5C0B68BF9CB9}.Release|Any CPU.ActiveCfg = Release|Any CPU
		{9762FEC9-4C31-49FB-97CE-5C0B68BF9CB9}.Release|Any CPU.Build.0 = Release|Any CPU
		{89FA1FAE-85C6-4909-8A34-1FEABAD1B411}.Debug|Any CPU.ActiveCfg = Debug|Any CPU
		{89FA1FAE-85C6-4909-8A34-1FEABAD1B411}.Debug|Any CPU.Build.0 = Debug|Any CPU
		{89FA1FAE-85C6-4909-8A34-1FEABAD1B411}.Release|Any CPU.ActiveCfg = Release|Any CPU
		{89FA1FAE-85C6-4909-8A34-1FEABAD1B411}.Release|Any CPU.Build.0 = Release|Any CPU
		{DBFBD002-D283-47E5-A0E0-B6C7CE13DCF9}.Debug|Any CPU.ActiveCfg = Debug|Any CPU
		{DBFBD002-D283-47E5-A0E0-B6C7CE13DCF9}.Debug|Any CPU.Build.0 = Debug|Any CPU
		{DBFBD002-D283-47E5-A0E0-B6C7CE13DCF9}.Release|Any CPU.ActiveCfg = Release|Any CPU
		{DBFBD002-D283-47E5-A0E0-B6C7CE13DCF9}.Release|Any CPU.Build.0 = Release|Any CPU
		{BE8D3389-9AFB-4997-8DCE-E138641660E3}.Debug|Any CPU.ActiveCfg = Debug|Any CPU
		{BE8D3389-9AFB-4997-8DCE-E138641660E3}.Debug|Any CPU.Build.0 = Debug|Any CPU
		{BE8D3389-9AFB-4997-8DCE-E138641660E3}.Release|Any CPU.ActiveCfg = Release|Any CPU
		{BE8D3389-9AFB-4997-8DCE-E138641660E3}.Release|Any CPU.Build.0 = Release|Any CPU
		{4434B7F0-4094-447C-83A0-DE28DD78B950}.Debug|Any CPU.ActiveCfg = Debug|Any CPU
		{4434B7F0-4094-447C-83A0-DE28DD78B950}.Debug|Any CPU.Build.0 = Debug|Any CPU
		{4434B7F0-4094-447C-83A0-DE28DD78B950}.Release|Any CPU.ActiveCfg = Release|Any CPU
		{4434B7F0-4094-447C-83A0-DE28DD78B950}.Release|Any CPU.Build.0 = Release|Any CPU
		{6456AEE7-D630-4C65-A5F2-C5326D25C4CA}.Debug|Any CPU.ActiveCfg = Debug|Any CPU
		{6456AEE7-D630-4C65-A5F2-C5326D25C4CA}.Debug|Any CPU.Build.0 = Debug|Any CPU
		{6456AEE7-D630-4C65-A5F2-C5326D25C4CA}.Release|Any CPU.ActiveCfg = Release|Any CPU
		{6456AEE7-D630-4C65-A5F2-C5326D25C4CA}.Release|Any CPU.Build.0 = Release|Any CPU
		{2C2AD491-AD9D-482E-9E2F-BDC8B2F53425}.Debug|Any CPU.ActiveCfg = Debug|Any CPU
		{2C2AD491-AD9D-482E-9E2F-BDC8B2F53425}.Debug|Any CPU.Build.0 = Debug|Any CPU
		{2C2AD491-AD9D-482E-9E2F-BDC8B2F53425}.Release|Any CPU.ActiveCfg = Release|Any CPU
		{2C2AD491-AD9D-482E-9E2F-BDC8B2F53425}.Release|Any CPU.Build.0 = Release|Any CPU
	EndGlobalSection
	GlobalSection(SolutionProperties) = preSolution
		HideSolutionNode = FALSE
	EndGlobalSection
	GlobalSection(NestedProjects) = preSolution
		{0953684C-365A-47F5-BFE7-9A9A99866D9C} = {18FE1536-6FCD-469D-B6A6-3547CB701286}
		{9762FEC9-4C31-49FB-97CE-5C0B68BF9CB9} = {18FE1536-6FCD-469D-B6A6-3547CB701286}
		{89FA1FAE-85C6-4909-8A34-1FEABAD1B411} = {52E6446D-C0C7-4A67-B37A-39A77B912153}
		{DBFBD002-D283-47E5-A0E0-B6C7CE13DCF9} = {3A771601-F121-4B72-BDB0-F3F5CB906C2E}
		{BE8D3389-9AFB-4997-8DCE-E138641660E3} = {3A771601-F121-4B72-BDB0-F3F5CB906C2E}
		{4434B7F0-4094-447C-83A0-DE28DD78B950} = {1B243115-090D-4086-AD32-FAC1E5508C73}
		{6456AEE7-D630-4C65-A5F2-C5326D25C4CA} = {4F52F3FF-F7EC-4B65-9D0C-10BFE35BECC8}
		{2C2AD491-AD9D-482E-9E2F-BDC8B2F53425} = {4F52F3FF-F7EC-4B65-9D0C-10BFE35BECC8}
	EndGlobalSection
	GlobalSection(ExtensibilityGlobals) = postSolution
		SolutionGuid = {0993A39C-5A4D-4B61-A5EC-3BE8BF8385A5}
	EndGlobalSection
EndGlobal
